
Microsoft Visual Studio Solution File, Format Version 12.00
# Visual Studio 2013
Project("{FAE04EC0-301F-11D3-BF4B-00C04F79EFBC}") = "UnityVS.Aftermath - Prototype.CSharp.Plugins", "UnityVS.Aftermath - Prototype.CSharp.Plugins.csproj", "{6E891180-A96E-0753-D29C-A4CFEFA8FF49}"
EndProject
Project("{FAE04EC0-301F-11D3-BF4B-00C04F79EFBC}") = "UnityVS.Aftermath - Prototype.CSharp", "UnityVS.Aftermath - Prototype.CSharp.csproj", "{1466707F-C6E6-7489-8F6B-19C055B3491C}"
EndProject
Project("{FAE04EC0-301F-11D3-BF4B-00C04F79EFBC}") = "UnityVS.Aftermath - Prototype.CSharp.Editor", "UnityVS.Aftermath - Prototype.CSharp.Editor.csproj", "{168D262F-D92D-EC1A-1BC3-F10C7CF4A6FA}"
EndProject
Global
	GlobalSection(SolutionConfigurationPlatforms) = preSolution
		Debug|Any CPU = Debug|Any CPU
		Release|Any CPU = Release|Any CPU
	EndGlobalSection
	GlobalSection(ProjectConfigurationPlatforms) = postSolution
		{6E891180-A96E-0753-D29C-A4CFEFA8FF49}.Debug|Any CPU.ActiveCfg = Debug|Any CPU
		{6E891180-A96E-0753-D29C-A4CFEFA8FF49}.Debug|Any CPU.Build.0 = Debug|Any CPU
		{6E891180-A96E-0753-D29C-A4CFEFA8FF49}.Release|Any CPU.ActiveCfg = Release|Any CPU
		{6E891180-A96E-0753-D29C-A4CFEFA8FF49}.Release|Any CPU.Build.0 = Release|Any CPU
		{1466707F-C6E6-7489-8F6B-19C055B3491C}.Debug|Any CPU.ActiveCfg = Debug|Any CPU
		{1466707F-C6E6-7489-8F6B-19C055B3491C}.Debug|Any CPU.Build.0 = Debug|Any CPU
		{1466707F-C6E6-7489-8F6B-19C055B3491C}.Release|Any CPU.ActiveCfg = Release|Any CPU
		{1466707F-C6E6-7489-8F6B-19C055B3491C}.Release|Any CPU.Build.0 = Release|Any CPU
		{168D262F-D92D-EC1A-1BC3-F10C7CF4A6FA}.Debug|Any CPU.ActiveCfg = Debug|Any CPU
		{168D262F-D92D-EC1A-1BC3-F10C7CF4A6FA}.Debug|Any CPU.Build.0 = Debug|Any CPU
		{168D262F-D92D-EC1A-1BC3-F10C7CF4A6FA}.Release|Any CPU.ActiveCfg = Release|Any CPU
		{168D262F-D92D-EC1A-1BC3-F10C7CF4A6FA}.Release|Any CPU.Build.0 = Release|Any CPU
	EndGlobalSection
	GlobalSection(SolutionProperties) = preSolution
		HideSolutionNode = FALSE
	EndGlobalSection
EndGlobal
